<?xml version="1.0" encoding="utf-8"?>
<Project ToolsVersion="4.0" xmlns="http://schemas.microsoft.com/developer/msbuild/2003">
  <ItemGroup>
    <ClCompile Include="..\src\starterbot\main.cpp" />
    <ClCompile Include="..\src\starterbot\MapTools.cpp" />
    <ClCompile Include="..\src\starterbot\ReplayParser.cpp" />
    <ClCompile Include="..\src\starterbot\StarterBot.cpp" />
    <ClCompile Include="..\src\starterbot\Tools.cpp" />
    <ClCompile Include="..\BWEM\src\area.cpp">
      <Filter>BWEM</Filter>
    </ClCompile>
    <ClCompile Include="..\BWEM\src\base.cpp">
      <Filter>BWEM</Filter>
    </ClCompile>
    <ClCompile Include="..\BWEM\src\BaseFinder.cpp">
      <Filter>BWEM</Filter>
    </ClCompile>
    <ClCompile Include="..\BWEM\src\bwapiExt.cpp">
      <Filter>BWEM</Filter>
    </ClCompile>
    <ClCompile Include="..\BWEM\src\bwem.cpp">
      <Filter>BWEM</Filter>
    </ClCompile>
    <ClCompile Include="..\BWEM\src\cp.cpp">
      <Filter>BWEM</Filter>
    </ClCompile>
    <ClCompile Include="..\BWEM\src\graph.cpp">
      <Filter>BWEM</Filter>
    </ClCompile>
    <ClCompile Include="..\BWEM\src\gridMap.cpp">
      <Filter>BWEM</Filter>
    </ClCompile>
    <ClCompile Include="..\BWEM\src\map.cpp">
      <Filter>BWEM</Filter>
    </ClCompile>
    <ClCompile Include="..\BWEM\src\mapDrawer.cpp">
      <Filter>BWEM</Filter>
    </ClCompile>
    <ClCompile Include="..\BWEM\src\mapImpl.cpp">
      <Filter>BWEM</Filter>
    </ClCompile>
    <ClCompile Include="..\BWEM\src\mapPrinter.cpp">
      <Filter>BWEM</Filter>
    </ClCompile>
    <ClCompile Include="..\BWEM\src\neutral.cpp">
      <Filter>BWEM</Filter>
    </ClCompile>
    <ClCompile Include="..\BWEM\src\tiles.cpp">
      <Filter>BWEM</Filter>
    </ClCompile>
    <ClCompile Include="..\BWEM\src\utils.cpp">
      <Filter>BWEM</Filter>
    </ClCompile>
    <ClCompile Include="BasesTools.cpp" />
    <ClCompile Include="..\src\starterbot\micro.cpp" />
    <ClCompile Include="..\src\starterbot\buildorders\4Pool.cpp">
      <Filter>BOs</Filter>
    </ClCompile>
    <ClCompile Include="..\src\starterbot\buildorders\5Pool.cpp">
      <Filter>BOs</Filter>
    </ClCompile>
    <ClCompile Include="..\src\starterbot\buildorders\6Pool.cpp">
      <Filter>BOs</Filter>
    </ClCompile>
    <ClCompile Include="..\src\starterbot\buildorders\7Pool.cpp">
      <Filter>BOs</Filter>
    </ClCompile>
    <ClCompile Include="..\src\starterbot\buildorders\8Pool.cpp">
      <Filter>BOs</Filter>
    </ClCompile>
    <ClCompile Include="..\src\starterbot\stats\stats.cpp" />
    <ClCompile Include="..\src\starterbot\buildorders\BuildOrderTools.cpp" />
    <ClCompile Include="..\src\starterbot\buildorders\Adaptive.cpp"><Filter>BOs</Filter></ClCompile>
    <ClCompile Include="..\src\starterbot\learning\Learning.cpp" />
    <ClCompile Include="..\src\starterbot\buildorders\Genetic.cpp">
      <Filter>BOs</Filter>
    </ClCompile>
    <ClCompile Include="..\src\starterbot\buildorders\Overpool.cpp">
      <Filter>Openners</Filter>
    </ClCompile>
  </ItemGroup>
  <ItemGroup>
    <ClInclude Include="..\src\starterbot\Grid.hpp" />
    <ClInclude Include="..\src\starterbot\MapTools.h" />
    <ClInclude Include="..\src\starterbot\ReplayParser.h" />
    <ClInclude Include="..\src\starterbot\StarterBot.h" />
    <ClInclude Include="..\src\starterbot\Tools.h" />
    <ClInclude Include="..\src\starterbot\CombatPolicy.h" />
    <ClInclude Include="..\src\starterbot\buildorders\MutaHive.h"><Filter>BOs</Filter></ClInclude>
    <ClInclude Include="..\src\starterbot\buildorders\Adaptive.h"><Filter>BOs</Filter></ClInclude>
    <ClInclude Include="..\src\starterbot\learning\Learning.h" />
    <ClInclude Include="BasesTools.h" />
    <ClInclude Include="src\starterbot\BuildOrder.h" />
    <ClInclude Include="..\src\starterbot\micro.h" />
    <ClInclude Include="..\src\starterbot\buildorders\4Pool.h">
      <Filter>BOs</Filter>
    </ClInclude>
    <ClInclude Include="..\src\starterbot\buildorders\5Pool.h">
      <Filter>BOs</Filter>
    </ClInclude>
    <ClInclude Include="..\src\starterbot\buildorders\6Pool.h">
      <Filter>BOs</Filter>
    </ClInclude>
    <ClInclude Include="..\src\starterbot\buildorders\7Pool.h">
      <Filter>BOs</Filter>
    </ClInclude>
    <ClInclude Include="..\src\starterbot\buildorders\8Pool.h">
      <Filter>BOs</Filter>
    </ClInclude>
    <ClInclude Include="..\src\starterbot\stats\stats.h" />
    <ClInclude Include="..\src\starterbot\buildorders\BuildOrderTools.h" />
    <ClInclude Include="..\src\starterbot\buildorders\Genetic.h">
      <Filter>BOs</Filter>
    </ClInclude>
    <ClInclude Include="..\BWEM\include\area.h">
      <Filter>BWEM</Filter>
    </ClInclude>
    <ClInclude Include="..\BWEM\include\base.h">
      <Filter>BWEM</Filter>
    </ClInclude>
    <ClInclude Include="..\BWEM\include\BaseFinder.h">
      <Filter>BWEM</Filter>
    </ClInclude>
    <ClInclude Include="..\BWEM\include\bwapiExt.h">
      <Filter>BWEM</Filter>
    </ClInclude>
    <ClInclude Include="..\BWEM\include\bwem.h">
      <Filter>BWEM</Filter>
    </ClInclude>
    <ClInclude Include="..\BWEM\include\cp.h">
      <Filter>BWEM</Filter>
    </ClInclude>
    <ClInclude Include="..\BWEM\include\defs.h">
      <Filter>BWEM</Filter>
    </ClInclude>
    <ClInclude Include="..\BWEM\include\graph.h">
      <Filter>BWEM</Filter>
    </ClInclude>
    <ClInclude Include="..\BWEM\include\gridMap.h">
      <Filter>BWEM</Filter>
    </ClInclude>
    <ClInclude Include="..\BWEM\include\map.h">
      <Filter>BWEM</Filter>
    </ClInclude>
    <ClInclude Include="..\BWEM\include\mapDrawer.h">
      <Filter>BWEM</Filter>
    </ClInclude>
    <ClInclude Include="..\BWEM\include\mapImpl.h">
      <Filter>BWEM</Filter>
    </ClInclude>
    <ClInclude Include="..\BWEM\include\mapPrinter.h">
      <Filter>BWEM</Filter>
    </ClInclude>
    <ClInclude Include="..\BWEM\include\neutral.h">
      <Filter>BWEM</Filter>
    </ClInclude>
    <ClInclude Include="..\BWEM\include\tiles.h">
      <Filter>BWEM</Filter>
    </ClInclude>
    <ClInclude Include="..\BWEM\include\utils.h">
      <Filter>BWEM</Filter>
    </ClInclude>
    <ClInclude Include="..\src\starterbot\buildorders\Overpool.h">
      <Filter>Openners</Filter>
    </ClInclude>
  </ItemGroup>
  <ItemGroup>
    <Filter Include="BWEM">
      <UniqueIdentifier>{7c672895-08b2-42c4-a5e6-96802688c9ff}</UniqueIdentifier>
    </Filter>
    <Filter Include="BOs">
      <UniqueIdentifier>{2c41304b-d439-467a-b06f-f9c9b7381aff}</UniqueIdentifier>
    </Filter>
    <Filter Include="Openners">
      <UniqueIdentifier>{aba8478d-d7c9-455c-bf6d-e66042cd1c58}</UniqueIdentifier>
    </Filter>
  </ItemGroup>
  <ItemGroup>
    <None Include="BWEM.vcxproj" />
  </ItemGroup>
</Project>